
Microsoft Visual Studio Solution File, Format Version 12.00
# Visual Studio Version 17
VisualStudioVersion = 17.6.33815.320
MinimumVisualStudioVersion = 10.0.40219.1
Project("{FAE04EC0-301F-11D3-BF4B-00C04F79EFBC}") = "InventoryManagement", "InventoryManagement\InventoryManagement.csproj", "{CCE918A5-B0FC-41A2-9D2D-0501BB7AF1BD}"
EndProject
Global
	GlobalSection(SolutionConfigurationPlatforms) = preSolution
		Debug|Any CPU = Debug|Any CPU
		Release|Any CPU = Release|Any CPU
	EndGlobalSection
	GlobalSection(ProjectConfigurationPlatforms) = postSolution
		{CCE918A5-B0FC-41A2-9D2D-0501BB7AF1BD}.Debug|Any CPU.ActiveCfg = Debug|Any CPU
		{CCE918A5-B0FC-41A2-9D2D-0501BB7AF1BD}.Debug|Any CPU.Build.0 = Debug|Any CPU
		{CCE918A5-B0FC-41A2-9D2D-0501BB7AF1BD}.Release|Any CPU.ActiveCfg = Release|Any CPU
		{CCE918A5-B0FC-41A2-9D2D-0501BB7AF1BD}.Release|Any CPU.Build.0 = Release|Any CPU
	EndGlobalSection
	GlobalSection(SolutionProperties) = preSolution
		HideSolutionNode = FALSE
	EndGlobalSection
	GlobalSection(ExtensibilityGlobals) = postSolution
		SolutionGuid = {8CCC17F9-703F-4413-8FBD-551DEE33D257}
	EndGlobalSection
EndGlobal
